
Microsoft Visual Studio Solution File, Format Version 12.00
# Visual Studio Version 17
VisualStudioVersion = 17.7.34221.43
MinimumVisualStudioVersion = 10.0.40219.1
Project("{FAE04EC0-301F-11D3-BF4B-00C04F79EFBC}") = "C#Ep21", "C#Ep21\C#Ep21.csproj", "{1AFDCF9F-DE29-44A1-A80D-CC80553E238B}"
EndProject
Global
	GlobalSection(SolutionConfigurationPlatforms) = preSolution
		Debug|Any CPU = Debug|Any CPU
		Release|Any CPU = Release|Any CPU
	EndGlobalSection
	GlobalSection(ProjectConfigurationPlatforms) = postSolution
		{1AFDCF9F-DE29-44A1-A80D-CC80553E238B}.Debug|Any CPU.ActiveCfg = Debug|Any CPU
		{1AFDCF9F-DE29-44A1-A80D-CC80553E238B}.Debug|Any CPU.Build.0 = Debug|Any CPU
		{1AFDCF9F-DE29-44A1-A80D-CC80553E238B}.Release|Any CPU.ActiveCfg = Release|Any CPU
		{1AFDCF9F-DE29-44A1-A80D-CC80553E238B}.Release|Any CPU.Build.0 = Release|Any CPU
	EndGlobalSection
	GlobalSection(SolutionProperties) = preSolution
		HideSolutionNode = FALSE
	EndGlobalSection
	GlobalSection(ExtensibilityGlobals) = postSolution
		SolutionGuid = {E3E394DF-0A2E-4CEB-A786-CCAAEF906CF7}
	EndGlobalSection
EndGlobal
