
Microsoft Visual Studio Solution File, Format Version 12.00
# Visual Studio Version 17
VisualStudioVersion = 17.7.34221.43
MinimumVisualStudioVersion = 10.0.40219.1
Project("{FAE04EC0-301F-11D3-BF4B-00C04F79EFBC}") = "C#Ep20", "C#Ep20\C#Ep20.csproj", "{4CB09054-7B6F-4F1D-ABBF-A597BF79253D}"
EndProject
Global
	GlobalSection(SolutionConfigurationPlatforms) = preSolution
		Debug|Any CPU = Debug|Any CPU
		Release|Any CPU = Release|Any CPU
	EndGlobalSection
	GlobalSection(ProjectConfigurationPlatforms) = postSolution
		{4CB09054-7B6F-4F1D-ABBF-A597BF79253D}.Debug|Any CPU.ActiveCfg = Debug|Any CPU
		{4CB09054-7B6F-4F1D-ABBF-A597BF79253D}.Debug|Any CPU.Build.0 = Debug|Any CPU
		{4CB09054-7B6F-4F1D-ABBF-A597BF79253D}.Release|Any CPU.ActiveCfg = Release|Any CPU
		{4CB09054-7B6F-4F1D-ABBF-A597BF79253D}.Release|Any CPU.Build.0 = Release|Any CPU
	EndGlobalSection
	GlobalSection(SolutionProperties) = preSolution
		HideSolutionNode = FALSE
	EndGlobalSection
	GlobalSection(ExtensibilityGlobals) = postSolution
		SolutionGuid = {2FF2A588-2167-49AB-9EFF-8CBCA7E8CE3E}
	EndGlobalSection
EndGlobal
