
Microsoft Visual Studio Solution File, Format Version 12.00
# Visual Studio Version 17
VisualStudioVersion = 17.7.34221.43
MinimumVisualStudioVersion = 10.0.40219.1
Project("{FAE04EC0-301F-11D3-BF4B-00C04F79EFBC}") = "C#Ep11", "C#Ep11\C#Ep11.csproj", "{CCD983E0-3FD3-43CC-A108-F0F5DAA7F6EA}"
EndProject
Global
	GlobalSection(SolutionConfigurationPlatforms) = preSolution
		Debug|Any CPU = Debug|Any CPU
		Release|Any CPU = Release|Any CPU
	EndGlobalSection
	GlobalSection(ProjectConfigurationPlatforms) = postSolution
		{CCD983E0-3FD3-43CC-A108-F0F5DAA7F6EA}.Debug|Any CPU.ActiveCfg = Debug|Any CPU
		{CCD983E0-3FD3-43CC-A108-F0F5DAA7F6EA}.Debug|Any CPU.Build.0 = Debug|Any CPU
		{CCD983E0-3FD3-43CC-A108-F0F5DAA7F6EA}.Release|Any CPU.ActiveCfg = Release|Any CPU
		{CCD983E0-3FD3-43CC-A108-F0F5DAA7F6EA}.Release|Any CPU.Build.0 = Release|Any CPU
	EndGlobalSection
	GlobalSection(SolutionProperties) = preSolution
		HideSolutionNode = FALSE
	EndGlobalSection
	GlobalSection(ExtensibilityGlobals) = postSolution
		SolutionGuid = {B707C239-71C5-4657-9BA9-C9679D29EAAC}
	EndGlobalSection
EndGlobal
