
Microsoft Visual Studio Solution File, Format Version 12.00
# Visual Studio Version 17
VisualStudioVersion = 17.7.34221.43
MinimumVisualStudioVersion = 10.0.40219.1
Project("{FAE04EC0-301F-11D3-BF4B-00C04F79EFBC}") = "C#Ep18", "C#Ep18\C#Ep18.csproj", "{EBE66188-EA0E-4CE5-85CB-73488E202FB6}"
EndProject
Global
	GlobalSection(SolutionConfigurationPlatforms) = preSolution
		Debug|Any CPU = Debug|Any CPU
		Release|Any CPU = Release|Any CPU
	EndGlobalSection
	GlobalSection(ProjectConfigurationPlatforms) = postSolution
		{EBE66188-EA0E-4CE5-85CB-73488E202FB6}.Debug|Any CPU.ActiveCfg = Debug|Any CPU
		{EBE66188-EA0E-4CE5-85CB-73488E202FB6}.Debug|Any CPU.Build.0 = Debug|Any CPU
		{EBE66188-EA0E-4CE5-85CB-73488E202FB6}.Release|Any CPU.ActiveCfg = Release|Any CPU
		{EBE66188-EA0E-4CE5-85CB-73488E202FB6}.Release|Any CPU.Build.0 = Release|Any CPU
	EndGlobalSection
	GlobalSection(SolutionProperties) = preSolution
		HideSolutionNode = FALSE
	EndGlobalSection
	GlobalSection(ExtensibilityGlobals) = postSolution
		SolutionGuid = {B3688DE5-1BD8-49D7-BB1F-14D396D57723}
	EndGlobalSection
EndGlobal
